// !$*UTF8*$!
{
	archiveVersion = 1;
	classes = {
	};
	objectVersion = 56;
	objects = {

/* Begin PBXBuildFile section */
		AA000001AAAA00000000000A /* Assets.xcassets in Resources */ = {isa = PBXBuildFile; fileRef = AA000002AAAA00000000000C /* Assets.xcassets */; };
		AA000001AAAA00000000000B /* AppIcon.icns in Resources */ = {isa = PBXBuildFile; fileRef = AA000002AAAA00000000000D /* AppIcon.icns */; };
		AA000001AAAA00000000000E /* menubar_icon.png in Resources */ = {isa = PBXBuildFile; fileRef = AA000002AAAA00000000000E /* menubar_icon.png */; };
		AA000001AAAA000000000010 /* menubar_icon_color.png in Resources */ = {isa = PBXBuildFile; fileRef = AA000002AAAA000000000010 /* menubar_icon_color.png */; };
		AA000001AAAA000000000001 /* MindClipApp.swift in Sources */ = {isa = PBXBuildFile; fileRef = AA000002AAAA000000000001 /* MindClipApp.swift */; };
		AA000001AAAA000000000002 /* ClipboardManager.swift in Sources */ = {isa = PBXBuildFile; fileRef = AA000002AAAA000000000002 /* ClipboardManager.swift */; };
		AA000001AAAA000000000003 /* KeyboardMonitor.swift in Sources */ = {isa = PBXBuildFile; fileRef = AA000002AAAA000000000003 /* KeyboardMonitor.swift */; };
		AA000001AAAA000000000004 /* PickerWindow.swift in Sources */ = {isa = PBXBuildFile; fileRef = AA000002AAAA000000000004 /* PickerWindow.swift */; };
		AA000001AAAA000000000005 /* PickerView.swift in Sources */ = {isa = PBXBuildFile; fileRef = AA000002AAAA000000000005 /* PickerView.swift */; };
		AA000001AAAA000000000006 /* SettingsView.swift in Sources */ = {isa = PBXBuildFile; fileRef = AA000002AAAA000000000006 /* SettingsView.swift */; };
		AA000001AAAA000000000007 /* HistoryView.swift in Sources */ = {isa = PBXBuildFile; fileRef = AA000002AAAA000000000009 /* HistoryView.swift */; };
		AA000001AAAA000000000008 /* AboutView.swift in Sources */ = {isa = PBXBuildFile; fileRef = AA000002AAAA00000000000A /* AboutView.swift */; };
		AA000001AAAA000000000009 /* WelcomeView.swift in Sources */ = {isa = PBXBuildFile; fileRef = AA000002AAAA00000000000B /* WelcomeView.swift */; };
		AA000001AAAA00000000000F /* Theme.swift in Sources */ = {isa = PBXBuildFile; fileRef = AA000002AAAA00000000000F /* Theme.swift */; };
		BB000001BBBB000000000001 /* Sparkle in Frameworks */ = {isa = PBXBuildFile; productRef = BB000002BBBB000000000001 /* Sparkle */; };
/* End PBXBuildFile section */

/* Begin PBXFileReference section */
		AA000002AAAA000000000001 /* MindClipApp.swift */ = {isa = PBXFileReference; lastKnownFileType = sourcecode.swift; path = MindClipApp.swift; sourceTree = "<group>"; };
		AA000002AAAA000000000002 /* ClipboardManager.swift */ = {isa = PBXFileReference; lastKnownFileType = sourcecode.swift; path = ClipboardManager.swift; sourceTree = "<group>"; };
		AA000002AAAA000000000003 /* KeyboardMonitor.swift */ = {isa = PBXFileReference; lastKnownFileType = sourcecode.swift; path = KeyboardMonitor.swift; sourceTree = "<group>"; };
		AA000002AAAA000000000004 /* PickerWindow.swift */ = {isa = PBXFileReference; lastKnownFileType = sourcecode.swift; path = PickerWindow.swift; sourceTree = "<group>"; };
		AA000002AAAA000000000005 /* PickerView.swift */ = {isa = PBXFileReference; lastKnownFileType = sourcecode.swift; path = PickerView.swift; sourceTree = "<group>"; };
		AA000002AAAA000000000006 /* SettingsView.swift */ = {isa = PBXFileReference; lastKnownFileType = sourcecode.swift; path = SettingsView.swift; sourceTree = "<group>"; };
		AA000002AAAA000000000007 /* Info.plist */ = {isa = PBXFileReference; lastKnownFileType = text.plist.xml; path = Info.plist; sourceTree = "<group>"; };
		AA000002AAAA000000000008 /* MindClip.entitlements */ = {isa = PBXFileReference; lastKnownFileType = text.plist.entitlements; path = MindClip.entitlements; sourceTree = "<group>"; };
		AA000002AAAA000000000009 /* HistoryView.swift */ = {isa = PBXFileReference; lastKnownFileType = sourcecode.swift; path = HistoryView.swift; sourceTree = "<group>"; };
		AA000002AAAA00000000000A /* AboutView.swift */ = {isa = PBXFileReference; lastKnownFileType = sourcecode.swift; path = AboutView.swift; sourceTree = "<group>"; };
		AA000002AAAA00000000000B /* WelcomeView.swift */ = {isa = PBXFileReference; lastKnownFileType = sourcecode.swift; path = WelcomeView.swift; sourceTree = "<group>"; };
		AA000002AAAA00000000000C /* Assets.xcassets */ = {isa = PBXFileReference; lastKnownFileType = folder.assetcatalog; path = Assets.xcassets; sourceTree = "<group>"; };
		AA000002AAAA00000000000D /* AppIcon.icns */ = {isa = PBXFileReference; lastKnownFileType = image.icns; path = AppIcon.icns; sourceTree = "<group>"; };
		AA000002AAAA00000000000E /* menubar_icon.png */ = {isa = PBXFileReference; lastKnownFileType = image.png; path = menubar_icon.png; sourceTree = "<group>"; };
		AA000002AAAA000000000010 /* menubar_icon_color.png */ = {isa = PBXFileReference; lastKnownFileType = image.png; path = menubar_icon_color.png; sourceTree = "<group>"; };
		AA000002AAAA00000000000F /* Theme.swift */ = {isa = PBXFileReference; lastKnownFileType = sourcecode.swift; path = Theme.swift; sourceTree = "<group>"; };
		AA000003AAAA000000000001 /* MindClip.app */ = {isa = PBXFileReference; explicitFileType = wrapper.application; includeInIndex = 0; path = MindClip.app; sourceTree = BUILT_PRODUCTS_DIR; };
/* End PBXFileReference section */

/* Begin PBXFrameworksBuildPhase section */
		AA000004AAAA000000000001 /* Frameworks */ = {
			isa = PBXFrameworksBuildPhase;
			buildActionMask = 2147483647;
			files = (
				BB000001BBBB000000000001 /* Sparkle in Frameworks */,
			);
			runOnlyForDeploymentPostprocessing = 0;
		};
/* End PBXFrameworksBuildPhase section */

/* Begin PBXGroup section */
		AA000005AAAA000000000001 = {
			isa = PBXGroup;
			children = (
				AA000002AAAA000000000001 /* MindClipApp.swift */,
				AA000002AAAA000000000002 /* ClipboardManager.swift */,
				AA000002AAAA000000000003 /* KeyboardMonitor.swift */,
				AA000002AAAA000000000004 /* PickerWindow.swift */,
				AA000002AAAA000000000005 /* PickerView.swift */,
				AA000002AAAA000000000006 /* SettingsView.swift */,
				AA000002AAAA000000000009 /* HistoryView.swift */,
				AA000002AAAA00000000000A /* AboutView.swift */,
				AA000002AAAA00000000000B /* WelcomeView.swift */,
				AA000002AAAA00000000000F /* Theme.swift */,
				AA000002AAAA000000000007 /* Info.plist */,
				AA000002AAAA000000000008 /* MindClip.entitlements */,
				AA000002AAAA00000000000C /* Assets.xcassets */,
				AA000002AAAA00000000000D /* AppIcon.icns */,
				AA000002AAAA00000000000E /* menubar_icon.png */,
				AA000002AAAA000000000010 /* menubar_icon_color.png */,
				AA000005AAAA000000000002 /* Products */,
			);
			sourceTree = "<group>";
		};
		AA000005AAAA000000000002 /* Products */ = {
			isa = PBXGroup;
			children = (
				AA000003AAAA000000000001 /* MindClip.app */,
			);
			name = Products;
			sourceTree = "<group>";
		};
/* End PBXGroup section */

/* Begin PBXNativeTarget section */
		AA000006AAAA000000000001 /* MindClip */ = {
			isa = PBXNativeTarget;
			buildConfigurationList = AA000007AAAA000000000002 /* Build configuration list for PBXNativeTarget "MindClip" */;
			buildPhases = (
				AA000008AAAA000000000001 /* Sources */,
				AA000004AAAA000000000001 /* Frameworks */,
				AA000008AAAA000000000002 /* Resources */,
			);
			buildRules = (
			);
			dependencies = (
			);
			name = MindClip;
			packageProductDependencies = (
				BB000002BBBB000000000001 /* Sparkle */,
			);
			productName = MindClip;
			productReference = AA000003AAAA000000000001 /* MindClip.app */;
			productType = "com.apple.product-type.application";
		};
/* End PBXNativeTarget section */

/* Begin PBXProject section */
		AA000009AAAA000000000001 /* Project object */ = {
			isa = PBXProject;
			attributes = {
				BuildIndependentTargetsInParallel = 1;
				LastSwiftUpdateCheck = 1600;
				LastUpgradeCheck = 2630;
			};
			buildConfigurationList = AA000007AAAA000000000001 /* Build configuration list for PBXProject "MindClip" */;
			compatibilityVersion = "Xcode 14.0";
			developmentRegion = en;
			hasScannedForEncodings = 0;
			knownRegions = (
				en,
				Base,
			);
			mainGroup = AA000005AAAA000000000001;
			packageReferences = (
				BB000003BBBB000000000001 /* XCRemoteSwiftPackageReference "Sparkle" */,
			);
			productRefGroup = AA000005AAAA000000000002 /* Products */;
			projectDirPath = "";
			projectRoot = "";
			targets = (
				AA000006AAAA000000000001 /* MindClip */,
			);
		};
/* End PBXProject section */

/* Begin PBXSourcesBuildPhase section */
		AA000008AAAA000000000001 /* Sources */ = {
			isa = PBXSourcesBuildPhase;
			buildActionMask = 2147483647;
			files = (
				AA000001AAAA000000000001 /* MindClipApp.swift in Sources */,
				AA000001AAAA000000000002 /* ClipboardManager.swift in Sources */,
				AA000001AAAA000000000003 /* KeyboardMonitor.swift in Sources */,
				AA000001AAAA000000000004 /* PickerWindow.swift in Sources */,
				AA000001AAAA000000000005 /* PickerView.swift in Sources */,
				AA000001AAAA000000000006 /* SettingsView.swift in Sources */,
				AA000001AAAA000000000007 /* HistoryView.swift in Sources */,
				AA000001AAAA000000000008 /* AboutView.swift in Sources */,
				AA000001AAAA000000000009 /* WelcomeView.swift in Sources */,
				AA000001AAAA00000000000F /* Theme.swift in Sources */,
			);
			runOnlyForDeploymentPostprocessing = 0;
		};
/* End PBXSourcesBuildPhase section */

/* Begin PBXResourcesBuildPhase section */
		AA000008AAAA000000000002 /* Resources */ = {
			isa = PBXResourcesBuildPhase;
			buildActionMask = 2147483647;
			files = (
				AA000001AAAA00000000000A /* Assets.xcassets in Resources */,
				AA000001AAAA00000000000B /* AppIcon.icns in Resources */,
				AA000001AAAA00000000000E /* menubar_icon.png in Resources */,
				AA000001AAAA000000000010 /* menubar_icon_color.png in Resources */,
			);
			runOnlyForDeploymentPostprocessing = 0;
		};
/* End PBXResourcesBuildPhase section */

/* Begin XCBuildConfiguration section */
		AA00000AAAAA000000000001 /* Debug */ = {
			isa = XCBuildConfiguration;
			buildSettings = {
				ALWAYS_SEARCH_USER_PATHS = NO;
				CLANG_ANALYZER_NONNULL = YES;
				CLANG_CXX_LANGUAGE_STANDARD = "gnu++20";
				CLANG_ENABLE_MODULES = YES;
				CLANG_ENABLE_OBJC_ARC = YES;
				CLANG_WARN_BLOCK_CAPTURE_AUTORELEASING = YES;
				CLANG_WARN_BOOL_CONVERSION = YES;
				CLANG_WARN_COMMA = YES;
				CLANG_WARN_CONSTANT_CONVERSION = YES;
				CLANG_WARN_DEPRECATED_OBJC_IMPLEMENTATIONS = YES;
				CLANG_WARN_DIRECT_OBJC_ISA_USAGE = YES_ERROR;
				CLANG_WARN_EMPTY_BODY = YES;
				CLANG_WARN_ENUM_CONVERSION = YES;
				CLANG_WARN_INFINITE_RECURSION = YES;
				CLANG_WARN_INT_CONVERSION = YES;
				CLANG_WARN_NON_LITERAL_NULL_CONVERSION = YES;
				CLANG_WARN_OBJC_IMPLICIT_RETAIN_SELF = YES;
				CLANG_WARN_OBJC_LITERAL_CONVERSION = YES;
				CLANG_WARN_OBJC_ROOT_CLASS = YES_ERROR;
				CLANG_WARN_QUOTED_INCLUDE_IN_FRAMEWORK_HEADER = YES;
				CLANG_WARN_RANGE_LOOP_ANALYSIS = YES;
				CLANG_WARN_STRICT_PROTOTYPES = YES;
				CLANG_WARN_SUSPICIOUS_MOVE = YES;
				CLANG_WARN_UNGUARDED_AVAILABILITY = YES_AGGRESSIVE;
				CLANG_WARN_UNREACHABLE_CODE = YES;
				CLANG_WARN__DUPLICATE_METHOD_MATCH = YES;
				COPY_PHASE_STRIP = NO;
				DEAD_CODE_STRIPPING = YES;
				DEBUG_INFORMATION_FORMAT = dwarf;
				DEVELOPMENT_TEAM = 679J7H9973;
				ENABLE_STRICT_OBJC_MSGSEND = YES;
				ENABLE_TESTABILITY = YES;
				ENABLE_USER_SCRIPT_SANDBOXING = YES;
				GCC_DYNAMIC_NO_PIC = NO;
				GCC_NO_COMMON_BLOCKS = YES;
				GCC_OPTIMIZATION_LEVEL = 0;
				GCC_PREPROCESSOR_DEFINITIONS = (
					"DEBUG=1",
					"$(inherited)",
				);
				GCC_WARN_64_TO_32_BIT_CONVERSION = YES;
				GCC_WARN_ABOUT_RETURN_TYPE = YES_ERROR;
				GCC_WARN_UNDECLARED_SELECTOR = YES;
				GCC_WARN_UNINITIALIZED_AUTOS = YES_AGGRESSIVE;
				GCC_WARN_UNUSED_FUNCTION = YES;
				GCC_WARN_UNUSED_VARIABLE = YES;
				MACOSX_DEPLOYMENT_TARGET = 13.0;
				MTL_ENABLE_DEBUG_INFO = INCLUDE_SOURCE;
				MTL_FAST_MATH = YES;
				ONLY_ACTIVE_ARCH = YES;
				SDKROOT = macosx;
				STRING_CATALOG_GENERATE_SYMBOLS = YES;
				SWIFT_ACTIVE_COMPILATION_CONDITIONS = DEBUG;
				SWIFT_OPTIMIZATION_LEVEL = "-Onone";
			};
			name = Debug;
		};
		AA00000AAAAA000000000002 /* Release */ = {
			isa = XCBuildConfiguration;
			buildSettings = {
				ALWAYS_SEARCH_USER_PATHS = NO;
				CLANG_ANALYZER_NONNULL = YES;
				CLANG_CXX_LANGUAGE_STANDARD = "gnu++20";
				CLANG_ENABLE_MODULES = YES;
				CLANG_ENABLE_OBJC_ARC = YES;
				CLANG_WARN_BLOCK_CAPTURE_AUTORELEASING = YES;
				CLANG_WARN_BOOL_CONVERSION = YES;
				CLANG_WARN_COMMA = YES;
				CLANG_WARN_CONSTANT_CONVERSION = YES;
				CLANG_WARN_DEPRECATED_OBJC_IMPLEMENTATIONS = YES;
				CLANG_WARN_DIRECT_OBJC_ISA_USAGE = YES_ERROR;
				CLANG_WARN_EMPTY_BODY = YES;
				CLANG_WARN_ENUM_CONVERSION = YES;
				CLANG_WARN_INFINITE_RECURSION = YES;
				CLANG_WARN_INT_CONVERSION = YES;
				CLANG_WARN_NON_LITERAL_NULL_CONVERSION = YES;
				CLANG_WARN_OBJC_IMPLICIT_RETAIN_SELF = YES;
				CLANG_WARN_OBJC_LITERAL_CONVERSION = YES;
				CLANG_WARN_OBJC_ROOT_CLASS = YES_ERROR;
				CLANG_WARN_QUOTED_INCLUDE_IN_FRAMEWORK_HEADER = YES;
				CLANG_WARN_RANGE_LOOP_ANALYSIS = YES;
				CLANG_WARN_STRICT_PROTOTYPES = YES;
				CLANG_WARN_SUSPICIOUS_MOVE = YES;
				CLANG_WARN_UNGUARDED_AVAILABILITY = YES_AGGRESSIVE;
				CLANG_WARN_UNREACHABLE_CODE = YES;
				CLANG_WARN__DUPLICATE_METHOD_MATCH = YES;
				COPY_PHASE_STRIP = NO;
				DEAD_CODE_STRIPPING = YES;
				DEBUG_INFORMATION_FORMAT = "dwarf-with-dsym";
				DEVELOPMENT_TEAM = 679J7H9973;
				ENABLE_NS_ASSERTIONS = NO;
				ENABLE_STRICT_OBJC_MSGSEND = YES;
				ENABLE_USER_SCRIPT_SANDBOXING = YES;
				GCC_NO_COMMON_BLOCKS = YES;
				GCC_WARN_64_TO_32_BIT_CONVERSION = YES;
				GCC_WARN_ABOUT_RETURN_TYPE = YES_ERROR;
				GCC_WARN_UNDECLARED_SELECTOR = YES;
				GCC_WARN_UNINITIALIZED_AUTOS = YES_AGGRESSIVE;
				GCC_WARN_UNUSED_FUNCTION = YES;
				GCC_WARN_UNUSED_VARIABLE = YES;
				MACOSX_DEPLOYMENT_TARGET = 13.0;
				MTL_FAST_MATH = YES;
				SDKROOT = macosx;
				STRING_CATALOG_GENERATE_SYMBOLS = YES;
				SWIFT_COMPILATION_MODE = wholemodule;
				SWIFT_OPTIMIZATION_LEVEL = "-O";
			};
			name = Release;
		};
		AA00000BAAAA000000000001 /* Debug */ = {
			isa = XCBuildConfiguration;
			buildSettings = {
				ASSETCATALOG_COMPILER_APPICON_NAME = AppIcon;
				AUTOMATION_APPLE_EVENTS = YES;
				CODE_SIGN_ENTITLEMENTS = MindClip.entitlements;
				CODE_SIGN_IDENTITY = "Developer ID Application";
				"CODE_SIGN_IDENTITY[sdk=macosx*]" = "Developer ID Application";
				CODE_SIGN_STYLE = Manual;
				COMBINE_HIDPI_IMAGES = YES;
				CURRENT_PROJECT_VERSION = 3;
				DEAD_CODE_STRIPPING = YES;
				ENABLE_APP_SANDBOX = NO;
				ENABLE_HARDENED_RUNTIME = YES;
				GENERATE_INFOPLIST_FILE = NO;
				INFOPLIST_FILE = Info.plist;
				LD_RUNPATH_SEARCH_PATHS = (
					"$(inherited)",
					"@executable_path/../Frameworks",
				);
				MACOSX_DEPLOYMENT_TARGET = 13.0;
				MARKETING_VERSION = 1.3.0;
				OTHER_CODE_SIGN_FLAGS = "--timestamp";
				PRODUCT_BUNDLE_IDENTIFIER = com.mindact.mindclip;
				PRODUCT_NAME = "$(TARGET_NAME)";
				SWIFT_EMIT_LOC_STRINGS = YES;
				SWIFT_VERSION = 5.0;
			};
			name = Debug;
		};
		AA00000BAAAA000000000002 /* Release */ = {
			isa = XCBuildConfiguration;
			buildSettings = {
				ASSETCATALOG_COMPILER_APPICON_NAME = AppIcon;
				AUTOMATION_APPLE_EVENTS = YES;
				CODE_SIGN_ENTITLEMENTS = MindClip.entitlements;
				CODE_SIGN_IDENTITY = "Developer ID Application";
				"CODE_SIGN_IDENTITY[sdk=macosx*]" = "Developer ID Application";
				CODE_SIGN_STYLE = Manual;
				COMBINE_HIDPI_IMAGES = YES;
				CURRENT_PROJECT_VERSION = 3;
				DEAD_CODE_STRIPPING = YES;
				ENABLE_APP_SANDBOX = NO;
				ENABLE_HARDENED_RUNTIME = YES;
				GENERATE_INFOPLIST_FILE = NO;
				INFOPLIST_FILE = Info.plist;
				LD_RUNPATH_SEARCH_PATHS = (
					"$(inherited)",
					"@executable_path/../Frameworks",
				);
				MACOSX_DEPLOYMENT_TARGET = 13.0;
				MARKETING_VERSION = 1.3.0;
				OTHER_CODE_SIGN_FLAGS = "--timestamp";
				PRODUCT_BUNDLE_IDENTIFIER = com.mindact.mindclip;
				PRODUCT_NAME = "$(TARGET_NAME)";
				SWIFT_EMIT_LOC_STRINGS = YES;
				SWIFT_VERSION = 5.0;
			};
			name = Release;
		};
/* End XCBuildConfiguration section */

/* Begin XCConfigurationList section */
		AA000007AAAA000000000001 /* Build configuration list for PBXProject "MindClip" */ = {
			isa = XCConfigurationList;
			buildConfigurations = (
				AA00000AAAAA000000000001 /* Debug */,
				AA00000AAAAA000000000002 /* Release */,
			);
			defaultConfigurationIsVisible = 0;
			defaultConfigurationName = Release;
		};
		AA000007AAAA000000000002 /* Build configuration list for PBXNativeTarget "MindClip" */ = {
			isa = XCConfigurationList;
			buildConfigurations = (
				AA00000BAAAA000000000001 /* Debug */,
				AA00000BAAAA000000000002 /* Release */,
			);
			defaultConfigurationIsVisible = 0;
			defaultConfigurationName = Release;
		};
/* End XCConfigurationList section */

/* Begin XCRemoteSwiftPackageReference section */
		BB000003BBBB000000000001 /* XCRemoteSwiftPackageReference "Sparkle" */ = {
			isa = XCRemoteSwiftPackageReference;
			repositoryURL = "https://github.com/sparkle-project/Sparkle";
			requirement = {
				kind = upToNextMajorVersion;
				minimumVersion = 2.0.0;
			};
		};
/* End XCRemoteSwiftPackageReference section */

/* Begin XCSwiftPackageProductDependency section */
		BB000002BBBB000000000001 /* Sparkle */ = {
			isa = XCSwiftPackageProductDependency;
			package = BB000003BBBB000000000001 /* XCRemoteSwiftPackageReference "Sparkle" */;
			productName = Sparkle;
		};
/* End XCSwiftPackageProductDependency section */
	};
	rootObject = AA000009AAAA000000000001 /* Project object */;
}
